
Microsoft Visual Studio Solution File, Format Version 12.00
# Visual Studio Version 16
VisualStudioVersion = 16.0.30114.105
MinimumVisualStudioVersion = 10.0.40219.1
Project("{9A19103F-16F7-4668-BE54-9A1E7A4F7556}") = "Application", "Application\Application.csproj", "{CDEA4B35-D56F-4C5A-BB70-CA2F9C4D8377}"
EndProject
Project("{9A19103F-16F7-4668-BE54-9A1E7A4F7556}") = "API", "API\API.csproj", "{5B075BC5-8EEF-4277-BC3A-17212A2E25D7}"
EndProject
Project("{9A19103F-16F7-4668-BE54-9A1E7A4F7556}") = "Persistence", "Persistence\Persistence.csproj", "{D9989E5B-2416-47BA-8AEC-7C5996F2A706}"
EndProject
Project("{9A19103F-16F7-4668-BE54-9A1E7A4F7556}") = "Domain", "Domain\Domain.csproj", "{97566169-D514-4DC2-8E2D-CC72152DF9E9}"
EndProject
Project("{9A19103F-16F7-4668-BE54-9A1E7A4F7556}") = "Infrastructure", "Infrastructure\Infrastructure.csproj", "{FD8DBDD3-07E6-4C22-B5F5-D5CF8C894B95}"
EndProject
Project("{9A19103F-16F7-4668-BE54-9A1E7A4F7556}") = "NotificationManager", "NotificationManager\NotificationManager.csproj", "{8CEB0BB8-D5BE-4A2F-97C2-E91CFB2B6663}"
	ProjectSection(ProjectDependencies) = postProject
		{CDEA4B35-D56F-4C5A-BB70-CA2F9C4D8377} = {CDEA4B35-D56F-4C5A-BB70-CA2F9C4D8377}
	EndProjectSection
EndProject
Project("{FAE04EC0-301F-11D3-BF4B-00C04F79EFBC}") = "TasksManager", "TasksManager\TasksManager.csproj", "{46BDEB02-4558-4170-BE5D-BE0A6BB495D7}"
	ProjectSection(ProjectDependencies) = postProject
		{CDEA4B35-D56F-4C5A-BB70-CA2F9C4D8377} = {CDEA4B35-D56F-4C5A-BB70-CA2F9C4D8377}
	EndProjectSection
EndProject
Global
	GlobalSection(SolutionConfigurationPlatforms) = preSolution
		Debug|Any CPU = Debug|Any CPU
		Debug|x64 = Debug|x64
		Debug|x86 = Debug|x86
		Release|Any CPU = Release|Any CPU
		Release|x64 = Release|x64
		Release|x86 = Release|x86
	EndGlobalSection
	GlobalSection(ProjectConfigurationPlatforms) = postSolution
		{CDEA4B35-D56F-4C5A-BB70-CA2F9C4D8377}.Debug|Any CPU.ActiveCfg = Debug|Any CPU
		{CDEA4B35-D56F-4C5A-BB70-CA2F9C4D8377}.Debug|Any CPU.Build.0 = Debug|Any CPU
		{CDEA4B35-D56F-4C5A-BB70-CA2F9C4D8377}.Debug|x64.ActiveCfg = Debug|Any CPU
		{CDEA4B35-D56F-4C5A-BB70-CA2F9C4D8377}.Debug|x64.Build.0 = Debug|Any CPU
		{CDEA4B35-D56F-4C5A-BB70-CA2F9C4D8377}.Debug|x86.ActiveCfg = Debug|Any CPU
		{CDEA4B35-D56F-4C5A-BB70-CA2F9C4D8377}.Debug|x86.Build.0 = Debug|Any CPU
		{CDEA4B35-D56F-4C5A-BB70-CA2F9C4D8377}.Release|Any CPU.ActiveCfg = Release|Any CPU
		{CDEA4B35-D56F-4C5A-BB70-CA2F9C4D8377}.Release|Any CPU.Build.0 = Release|Any CPU
		{CDEA4B35-D56F-4C5A-BB70-CA2F9C4D8377}.Release|x64.ActiveCfg = Release|Any CPU
		{CDEA4B35-D56F-4C5A-BB70-CA2F9C4D8377}.Release|x64.Build.0 = Release|Any CPU
		{CDEA4B35-D56F-4C5A-BB70-CA2F9C4D8377}.Release|x86.ActiveCfg = Release|Any CPU
		{CDEA4B35-D56F-4C5A-BB70-CA2F9C4D8377}.Release|x86.Build.0 = Release|Any CPU
		{5B075BC5-8EEF-4277-BC3A-17212A2E25D7}.Debug|Any CPU.ActiveCfg = Debug|Any CPU
		{5B075BC5-8EEF-4277-BC3A-17212A2E25D7}.Debug|Any CPU.Build.0 = Debug|Any CPU
		{5B075BC5-8EEF-4277-BC3A-17212A2E25D7}.Debug|x64.ActiveCfg = Debug|Any CPU
		{5B075BC5-8EEF-4277-BC3A-17212A2E25D7}.Debug|x64.Build.0 = Debug|Any CPU
		{5B075BC5-8EEF-4277-BC3A-17212A2E25D7}.Debug|x86.ActiveCfg = Debug|Any CPU
		{5B075BC5-8EEF-4277-BC3A-17212A2E25D7}.Debug|x86.Build.0 = Debug|Any CPU
		{5B075BC5-8EEF-4277-BC3A-17212A2E25D7}.Release|Any CPU.ActiveCfg = Release|Any CPU
		{5B075BC5-8EEF-4277-BC3A-17212A2E25D7}.Release|Any CPU.Build.0 = Release|Any CPU
		{5B075BC5-8EEF-4277-BC3A-17212A2E25D7}.Release|x64.ActiveCfg = Release|Any CPU
		{5B075BC5-8EEF-4277-BC3A-17212A2E25D7}.Release|x64.Build.0 = Release|Any CPU
		{5B075BC5-8EEF-4277-BC3A-17212A2E25D7}.Release|x86.ActiveCfg = Release|Any CPU
		{5B075BC5-8EEF-4277-BC3A-17212A2E25D7}.Release|x86.Build.0 = Release|Any CPU
		{D9989E5B-2416-47BA-8AEC-7C5996F2A706}.Debug|Any CPU.ActiveCfg = Debug|Any CPU
		{D9989E5B-2416-47BA-8AEC-7C5996F2A706}.Debug|Any CPU.Build.0 = Debug|Any CPU
		{D9989E5B-2416-47BA-8AEC-7C5996F2A706}.Debug|x64.ActiveCfg = Debug|Any CPU
		{D9989E5B-2416-47BA-8AEC-7C5996F2A706}.Debug|x64.Build.0 = Debug|Any CPU
		{D9989E5B-2416-47BA-8AEC-7C5996F2A706}.Debug|x86.ActiveCfg = Debug|Any CPU
		{D9989E5B-2416-47BA-8AEC-7C5996F2A706}.Debug|x86.Build.0 = Debug|Any CPU
		{D9989E5B-2416-47BA-8AEC-7C5996F2A706}.Release|Any CPU.ActiveCfg = Release|Any CPU
		{D9989E5B-2416-47BA-8AEC-7C5996F2A706}.Release|Any CPU.Build.0 = Release|Any CPU
		{D9989E5B-2416-47BA-8AEC-7C5996F2A706}.Release|x64.ActiveCfg = Release|Any CPU
		{D9989E5B-2416-47BA-8AEC-7C5996F2A706}.Release|x64.Build.0 = Release|Any CPU
		{D9989E5B-2416-47BA-8AEC-7C5996F2A706}.Release|x86.ActiveCfg = Release|Any CPU
		{D9989E5B-2416-47BA-8AEC-7C5996F2A706}.Release|x86.Build.0 = Release|Any CPU
		{97566169-D514-4DC2-8E2D-CC72152DF9E9}.Debug|Any CPU.ActiveCfg = Debug|Any CPU
		{97566169-D514-4DC2-8E2D-CC72152DF9E9}.Debug|Any CPU.Build.0 = Debug|Any CPU
		{97566169-D514-4DC2-8E2D-CC72152DF9E9}.Debug|x64.ActiveCfg = Debug|Any CPU
		{97566169-D514-4DC2-8E2D-CC72152DF9E9}.Debug|x64.Build.0 = Debug|Any CPU
		{97566169-D514-4DC2-8E2D-CC72152DF9E9}.Debug|x86.ActiveCfg = Debug|Any CPU
		{97566169-D514-4DC2-8E2D-CC72152DF9E9}.Debug|x86.Build.0 = Debug|Any CPU
		{97566169-D514-4DC2-8E2D-CC72152DF9E9}.Release|Any CPU.ActiveCfg = Release|Any CPU
		{97566169-D514-4DC2-8E2D-CC72152DF9E9}.Release|Any CPU.Build.0 = Release|Any CPU
		{97566169-D514-4DC2-8E2D-CC72152DF9E9}.Release|x64.ActiveCfg = Release|Any CPU
		{97566169-D514-4DC2-8E2D-CC72152DF9E9}.Release|x64.Build.0 = Release|Any CPU
		{97566169-D514-4DC2-8E2D-CC72152DF9E9}.Release|x86.ActiveCfg = Release|Any CPU
		{97566169-D514-4DC2-8E2D-CC72152DF9E9}.Release|x86.Build.0 = Release|Any CPU
		{FD8DBDD3-07E6-4C22-B5F5-D5CF8C894B95}.Debug|Any CPU.ActiveCfg = Debug|Any CPU
		{FD8DBDD3-07E6-4C22-B5F5-D5CF8C894B95}.Debug|Any CPU.Build.0 = Debug|Any CPU
		{FD8DBDD3-07E6-4C22-B5F5-D5CF8C894B95}.Debug|x64.ActiveCfg = Debug|Any CPU
		{FD8DBDD3-07E6-4C22-B5F5-D5CF8C894B95}.Debug|x64.Build.0 = Debug|Any CPU
		{FD8DBDD3-07E6-4C22-B5F5-D5CF8C894B95}.Debug|x86.ActiveCfg = Debug|Any CPU
		{FD8DBDD3-07E6-4C22-B5F5-D5CF8C894B95}.Debug|x86.Build.0 = Debug|Any CPU
		{FD8DBDD3-07E6-4C22-B5F5-D5CF8C894B95}.Release|Any CPU.ActiveCfg = Release|Any CPU
		{FD8DBDD3-07E6-4C22-B5F5-D5CF8C894B95}.Release|Any CPU.Build.0 = Release|Any CPU
		{FD8DBDD3-07E6-4C22-B5F5-D5CF8C894B95}.Release|x64.ActiveCfg = Release|Any CPU
		{FD8DBDD3-07E6-4C22-B5F5-D5CF8C894B95}.Release|x64.Build.0 = Release|Any CPU
		{FD8DBDD3-07E6-4C22-B5F5-D5CF8C894B95}.Release|x86.ActiveCfg = Release|Any CPU
		{FD8DBDD3-07E6-4C22-B5F5-D5CF8C894B95}.Release|x86.Build.0 = Release|Any CPU
		{8CEB0BB8-D5BE-4A2F-97C2-E91CFB2B6663}.Debug|Any CPU.ActiveCfg = Debug|Any CPU
		{8CEB0BB8-D5BE-4A2F-97C2-E91CFB2B6663}.Debug|Any CPU.Build.0 = Debug|Any CPU
		{8CEB0BB8-D5BE-4A2F-97C2-E91CFB2B6663}.Debug|x64.ActiveCfg = Debug|Any CPU
		{8CEB0BB8-D5BE-4A2F-97C2-E91CFB2B6663}.Debug|x64.Build.0 = Debug|Any CPU
		{8CEB0BB8-D5BE-4A2F-97C2-E91CFB2B6663}.Debug|x86.ActiveCfg = Debug|Any CPU
		{8CEB0BB8-D5BE-4A2F-97C2-E91CFB2B6663}.Debug|x86.Build.0 = Debug|Any CPU
		{8CEB0BB8-D5BE-4A2F-97C2-E91CFB2B6663}.Release|Any CPU.ActiveCfg = Release|Any CPU
		{8CEB0BB8-D5BE-4A2F-97C2-E91CFB2B6663}.Release|Any CPU.Build.0 = Release|Any CPU
		{8CEB0BB8-D5BE-4A2F-97C2-E91CFB2B6663}.Release|x64.ActiveCfg = Release|Any CPU
		{8CEB0BB8-D5BE-4A2F-97C2-E91CFB2B6663}.Release|x64.Build.0 = Release|Any CPU
		{8CEB0BB8-D5BE-4A2F-97C2-E91CFB2B6663}.Release|x86.ActiveCfg = Release|Any CPU
		{8CEB0BB8-D5BE-4A2F-97C2-E91CFB2B6663}.Release|x86.Build.0 = Release|Any CPU
		{46BDEB02-4558-4170-BE5D-BE0A6BB495D7}.Debug|Any CPU.ActiveCfg = Debug|Any CPU
		{46BDEB02-4558-4170-BE5D-BE0A6BB495D7}.Debug|Any CPU.Build.0 = Debug|Any CPU
		{46BDEB02-4558-4170-BE5D-BE0A6BB495D7}.Debug|x64.ActiveCfg = Debug|Any CPU
		{46BDEB02-4558-4170-BE5D-BE0A6BB495D7}.Debug|x64.Build.0 = Debug|Any CPU
		{46BDEB02-4558-4170-BE5D-BE0A6BB495D7}.Debug|x86.ActiveCfg = Debug|Any CPU
		{46BDEB02-4558-4170-BE5D-BE0A6BB495D7}.Debug|x86.Build.0 = Debug|Any CPU
		{46BDEB02-4558-4170-BE5D-BE0A6BB495D7}.Release|Any CPU.ActiveCfg = Release|Any CPU
		{46BDEB02-4558-4170-BE5D-BE0A6BB495D7}.Release|Any CPU.Build.0 = Release|Any CPU
		{46BDEB02-4558-4170-BE5D-BE0A6BB495D7}.Release|x64.ActiveCfg = Release|Any CPU
		{46BDEB02-4558-4170-BE5D-BE0A6BB495D7}.Release|x64.Build.0 = Release|Any CPU
		{46BDEB02-4558-4170-BE5D-BE0A6BB495D7}.Release|x86.ActiveCfg = Release|Any CPU
		{46BDEB02-4558-4170-BE5D-BE0A6BB495D7}.Release|x86.Build.0 = Release|Any CPU
	EndGlobalSection
	GlobalSection(SolutionProperties) = preSolution
		HideSolutionNode = FALSE
	EndGlobalSection
	GlobalSection(ExtensibilityGlobals) = postSolution
		SolutionGuid = {BEA536A8-0755-465F-8DD5-C89FA9F67A10}
	EndGlobalSection
EndGlobal
